
Microsoft Visual Studio Solution File, Format Version 12.00
# Visual Studio Version 16
VisualStudioVersion = 16.0.30907.101
MinimumVisualStudioVersion = 10.0.40219.1
Project("{9A19103F-16F7-4668-BE54-9A1E7A4F7556}") = "TypesAndVariables", "TypesAndVariables\TypesAndVariables.csproj", "{6241D844-49EC-4AB7-9E6E-F8D3A9E59AA5}"
EndProject
Project("{9A19103F-16F7-4668-BE54-9A1E7A4F7556}") = "Conditionals", "Conditionals\Conditionals.csproj", "{304BC266-649A-46D4-9BF6-0F008BA176BC}"
EndProject
Project("{9A19103F-16F7-4668-BE54-9A1E7A4F7556}") = "Methods", "Methods\Methods.csproj", "{3C74026F-2E46-4A5B-BB1F-8BF0DB981426}"
EndProject
Project("{9A19103F-16F7-4668-BE54-9A1E7A4F7556}") = "ReferenceTypes", "ReferenceTypes\ReferenceTypes.csproj", "{E4B2AE48-4740-49C3-AEA6-94C5D5AB79BA}"
EndProject
Project("{9A19103F-16F7-4668-BE54-9A1E7A4F7556}") = "Constructors", "Constructors\Constructors.csproj", "{CC074D9F-C984-48F7-B59F-E8E244032EBC}"
EndProject
Project("{9A19103F-16F7-4668-BE54-9A1E7A4F7556}") = "Generics", "Generics\Generics.csproj", "{313CB4F4-BD8F-48F7-867B-77A257060DA3}"
EndProject
Project("{FAE04EC0-301F-11D3-BF4B-00C04F79EFBC}") = "Classes", "Classes\Classes.csproj", "{D2D8995A-D6FD-431C-BEAA-219287AFD8B5}"
EndProject
Project("{FAE04EC0-301F-11D3-BF4B-00C04F79EFBC}") = "RecapDemo1", "RecapDemo1\RecapDemo1.csproj", "{31DDF59B-EF19-498D-B952-553CBEC0B868}"
EndProject
Project("{FAE04EC0-301F-11D3-BF4B-00C04F79EFBC}") = "Interfaces", "Interfaces\Interfaces.csproj", "{288A6A22-1309-4D05-BFFB-F6BEBC45B715}"
EndProject
Global
	GlobalSection(SolutionConfigurationPlatforms) = preSolution
		Debug|Any CPU = Debug|Any CPU
		Release|Any CPU = Release|Any CPU
	EndGlobalSection
	GlobalSection(ProjectConfigurationPlatforms) = postSolution
		{6241D844-49EC-4AB7-9E6E-F8D3A9E59AA5}.Debug|Any CPU.ActiveCfg = Debug|Any CPU
		{6241D844-49EC-4AB7-9E6E-F8D3A9E59AA5}.Debug|Any CPU.Build.0 = Debug|Any CPU
		{6241D844-49EC-4AB7-9E6E-F8D3A9E59AA5}.Release|Any CPU.ActiveCfg = Release|Any CPU
		{6241D844-49EC-4AB7-9E6E-F8D3A9E59AA5}.Release|Any CPU.Build.0 = Release|Any CPU
		{304BC266-649A-46D4-9BF6-0F008BA176BC}.Debug|Any CPU.ActiveCfg = Debug|Any CPU
		{304BC266-649A-46D4-9BF6-0F008BA176BC}.Debug|Any CPU.Build.0 = Debug|Any CPU
		{304BC266-649A-46D4-9BF6-0F008BA176BC}.Release|Any CPU.ActiveCfg = Release|Any CPU
		{304BC266-649A-46D4-9BF6-0F008BA176BC}.Release|Any CPU.Build.0 = Release|Any CPU
		{3C74026F-2E46-4A5B-BB1F-8BF0DB981426}.Debug|Any CPU.ActiveCfg = Debug|Any CPU
		{3C74026F-2E46-4A5B-BB1F-8BF0DB981426}.Debug|Any CPU.Build.0 = Debug|Any CPU
		{3C74026F-2E46-4A5B-BB1F-8BF0DB981426}.Release|Any CPU.ActiveCfg = Release|Any CPU
		{3C74026F-2E46-4A5B-BB1F-8BF0DB981426}.Release|Any CPU.Build.0 = Release|Any CPU
		{E4B2AE48-4740-49C3-AEA6-94C5D5AB79BA}.Debug|Any CPU.ActiveCfg = Debug|Any CPU
		{E4B2AE48-4740-49C3-AEA6-94C5D5AB79BA}.Debug|Any CPU.Build.0 = Debug|Any CPU
		{E4B2AE48-4740-49C3-AEA6-94C5D5AB79BA}.Release|Any CPU.ActiveCfg = Release|Any CPU
		{E4B2AE48-4740-49C3-AEA6-94C5D5AB79BA}.Release|Any CPU.Build.0 = Release|Any CPU
		{CC074D9F-C984-48F7-B59F-E8E244032EBC}.Debug|Any CPU.ActiveCfg = Debug|Any CPU
		{CC074D9F-C984-48F7-B59F-E8E244032EBC}.Debug|Any CPU.Build.0 = Debug|Any CPU
		{CC074D9F-C984-48F7-B59F-E8E244032EBC}.Release|Any CPU.ActiveCfg = Release|Any CPU
		{CC074D9F-C984-48F7-B59F-E8E244032EBC}.Release|Any CPU.Build.0 = Release|Any CPU
		{313CB4F4-BD8F-48F7-867B-77A257060DA3}.Debug|Any CPU.ActiveCfg = Debug|Any CPU
		{313CB4F4-BD8F-48F7-867B-77A257060DA3}.Debug|Any CPU.Build.0 = Debug|Any CPU
		{313CB4F4-BD8F-48F7-867B-77A257060DA3}.Release|Any CPU.ActiveCfg = Release|Any CPU
		{313CB4F4-BD8F-48F7-867B-77A257060DA3}.Release|Any CPU.Build.0 = Release|Any CPU
		{D2D8995A-D6FD-431C-BEAA-219287AFD8B5}.Debug|Any CPU.ActiveCfg = Debug|Any CPU
		{D2D8995A-D6FD-431C-BEAA-219287AFD8B5}.Debug|Any CPU.Build.0 = Debug|Any CPU
		{D2D8995A-D6FD-431C-BEAA-219287AFD8B5}.Release|Any CPU.ActiveCfg = Release|Any CPU
		{D2D8995A-D6FD-431C-BEAA-219287AFD8B5}.Release|Any CPU.Build.0 = Release|Any CPU
		{31DDF59B-EF19-498D-B952-553CBEC0B868}.Debug|Any CPU.ActiveCfg = Debug|Any CPU
		{31DDF59B-EF19-498D-B952-553CBEC0B868}.Debug|Any CPU.Build.0 = Debug|Any CPU
		{31DDF59B-EF19-498D-B952-553CBEC0B868}.Release|Any CPU.ActiveCfg = Release|Any CPU
		{31DDF59B-EF19-498D-B952-553CBEC0B868}.Release|Any CPU.Build.0 = Release|Any CPU
		{288A6A22-1309-4D05-BFFB-F6BEBC45B715}.Debug|Any CPU.ActiveCfg = Debug|Any CPU
		{288A6A22-1309-4D05-BFFB-F6BEBC45B715}.Debug|Any CPU.Build.0 = Debug|Any CPU
		{288A6A22-1309-4D05-BFFB-F6BEBC45B715}.Release|Any CPU.ActiveCfg = Release|Any CPU
		{288A6A22-1309-4D05-BFFB-F6BEBC45B715}.Release|Any CPU.Build.0 = Release|Any CPU
	EndGlobalSection
	GlobalSection(SolutionProperties) = preSolution
		HideSolutionNode = FALSE
	EndGlobalSection
	GlobalSection(ExtensibilityGlobals) = postSolution
		SolutionGuid = {A63CA3C6-CAF2-4D73-992B-09479C8DCE82}
	EndGlobalSection
EndGlobal
